
Microsoft Visual Studio Solution File, Format Version 12.00
# Visual Studio 15
VisualStudioVersion = 15.0.26124.0
MinimumVisualStudioVersion = 15.0.26124.0
Project("{FAE04EC0-301F-11D3-BF4B-00C04F79EFBC}") = "Probanx.TransactionAudit.Web", "Probanx.TransactionAudit.Web\Probanx.TransactionAudit.Web.csproj", "{DCC34885-0468-4B82-832B-0CC086ACA6B3}"
EndProject
Project("{FAE04EC0-301F-11D3-BF4B-00C04F79EFBC}") = "Probanx.TransactionAudit.Core", "Probanx.TransactionAudit.Core\Probanx.TransactionAudit.Core.csproj", "{2485C909-BA94-4D70-8C4D-E5725BBAFF6D}"
EndProject
Project("{FAE04EC0-301F-11D3-BF4B-00C04F79EFBC}") = "Probanx.TransactionAudit.RabbitMQ", "Probanx.TransactionAudit.RabbitMQ\Probanx.TransactionAudit.RabbitMQ.csproj", "{92C2087E-3E17-4B35-B1D6-1A0CA2B54D6E}"
EndProject
Project("{FAE04EC0-301F-11D3-BF4B-00C04F79EFBC}") = "Probanx.TransactionAudit.Consumer", "Probanx.TransactionAudit.Consumer\Probanx.TransactionAudit.Consumer.csproj", "{63AD00CC-E2AA-4F31-AA32-F0C002999DA1}"
EndProject
Project("{FAE04EC0-301F-11D3-BF4B-00C04F79EFBC}") = "Probanx.TransactionAudit.ElasticSearch", "Probanx.TransactionAudit.ElasticSearch\Probanx.TransactionAudit.ElasticSearch.csproj", "{05A1CE4B-DFD3-4E18-92A9-A3C1770834EB}"
EndProject
Global
	GlobalSection(SolutionConfigurationPlatforms) = preSolution
		Debug|Any CPU = Debug|Any CPU
		Debug|x64 = Debug|x64
		Debug|x86 = Debug|x86
		Release|Any CPU = Release|Any CPU
		Release|x64 = Release|x64
		Release|x86 = Release|x86
	EndGlobalSection
	GlobalSection(SolutionProperties) = preSolution
		HideSolutionNode = FALSE
	EndGlobalSection
	GlobalSection(ProjectConfigurationPlatforms) = postSolution
		{DCC34885-0468-4B82-832B-0CC086ACA6B3}.Debug|Any CPU.ActiveCfg = Debug|Any CPU
		{DCC34885-0468-4B82-832B-0CC086ACA6B3}.Debug|Any CPU.Build.0 = Debug|Any CPU
		{DCC34885-0468-4B82-832B-0CC086ACA6B3}.Debug|x64.ActiveCfg = Debug|Any CPU
		{DCC34885-0468-4B82-832B-0CC086ACA6B3}.Debug|x64.Build.0 = Debug|Any CPU
		{DCC34885-0468-4B82-832B-0CC086ACA6B3}.Debug|x86.ActiveCfg = Debug|Any CPU
		{DCC34885-0468-4B82-832B-0CC086ACA6B3}.Debug|x86.Build.0 = Debug|Any CPU
		{DCC34885-0468-4B82-832B-0CC086ACA6B3}.Release|Any CPU.ActiveCfg = Release|Any CPU
		{DCC34885-0468-4B82-832B-0CC086ACA6B3}.Release|Any CPU.Build.0 = Release|Any CPU
		{DCC34885-0468-4B82-832B-0CC086ACA6B3}.Release|x64.ActiveCfg = Release|Any CPU
		{DCC34885-0468-4B82-832B-0CC086ACA6B3}.Release|x64.Build.0 = Release|Any CPU
		{DCC34885-0468-4B82-832B-0CC086ACA6B3}.Release|x86.ActiveCfg = Release|Any CPU
		{DCC34885-0468-4B82-832B-0CC086ACA6B3}.Release|x86.Build.0 = Release|Any CPU
		{2485C909-BA94-4D70-8C4D-E5725BBAFF6D}.Debug|Any CPU.ActiveCfg = Debug|Any CPU
		{2485C909-BA94-4D70-8C4D-E5725BBAFF6D}.Debug|Any CPU.Build.0 = Debug|Any CPU
		{2485C909-BA94-4D70-8C4D-E5725BBAFF6D}.Debug|x64.ActiveCfg = Debug|Any CPU
		{2485C909-BA94-4D70-8C4D-E5725BBAFF6D}.Debug|x64.Build.0 = Debug|Any CPU
		{2485C909-BA94-4D70-8C4D-E5725BBAFF6D}.Debug|x86.ActiveCfg = Debug|Any CPU
		{2485C909-BA94-4D70-8C4D-E5725BBAFF6D}.Debug|x86.Build.0 = Debug|Any CPU
		{2485C909-BA94-4D70-8C4D-E5725BBAFF6D}.Release|Any CPU.ActiveCfg = Release|Any CPU
		{2485C909-BA94-4D70-8C4D-E5725BBAFF6D}.Release|Any CPU.Build.0 = Release|Any CPU
		{2485C909-BA94-4D70-8C4D-E5725BBAFF6D}.Release|x64.ActiveCfg = Release|Any CPU
		{2485C909-BA94-4D70-8C4D-E5725BBAFF6D}.Release|x64.Build.0 = Release|Any CPU
		{2485C909-BA94-4D70-8C4D-E5725BBAFF6D}.Release|x86.ActiveCfg = Release|Any CPU
		{2485C909-BA94-4D70-8C4D-E5725BBAFF6D}.Release|x86.Build.0 = Release|Any CPU
		{92C2087E-3E17-4B35-B1D6-1A0CA2B54D6E}.Debug|Any CPU.ActiveCfg = Debug|Any CPU
		{92C2087E-3E17-4B35-B1D6-1A0CA2B54D6E}.Debug|Any CPU.Build.0 = Debug|Any CPU
		{92C2087E-3E17-4B35-B1D6-1A0CA2B54D6E}.Debug|x64.ActiveCfg = Debug|Any CPU
		{92C2087E-3E17-4B35-B1D6-1A0CA2B54D6E}.Debug|x64.Build.0 = Debug|Any CPU
		{92C2087E-3E17-4B35-B1D6-1A0CA2B54D6E}.Debug|x86.ActiveCfg = Debug|Any CPU
		{92C2087E-3E17-4B35-B1D6-1A0CA2B54D6E}.Debug|x86.Build.0 = Debug|Any CPU
		{92C2087E-3E17-4B35-B1D6-1A0CA2B54D6E}.Release|Any CPU.ActiveCfg = Release|Any CPU
		{92C2087E-3E17-4B35-B1D6-1A0CA2B54D6E}.Release|Any CPU.Build.0 = Release|Any CPU
		{92C2087E-3E17-4B35-B1D6-1A0CA2B54D6E}.Release|x64.ActiveCfg = Release|Any CPU
		{92C2087E-3E17-4B35-B1D6-1A0CA2B54D6E}.Release|x64.Build.0 = Release|Any CPU
		{92C2087E-3E17-4B35-B1D6-1A0CA2B54D6E}.Release|x86.ActiveCfg = Release|Any CPU
		{92C2087E-3E17-4B35-B1D6-1A0CA2B54D6E}.Release|x86.Build.0 = Release|Any CPU
		{63AD00CC-E2AA-4F31-AA32-F0C002999DA1}.Debug|Any CPU.ActiveCfg = Debug|Any CPU
		{63AD00CC-E2AA-4F31-AA32-F0C002999DA1}.Debug|Any CPU.Build.0 = Debug|Any CPU
		{63AD00CC-E2AA-4F31-AA32-F0C002999DA1}.Debug|x64.ActiveCfg = Debug|Any CPU
		{63AD00CC-E2AA-4F31-AA32-F0C002999DA1}.Debug|x64.Build.0 = Debug|Any CPU
		{63AD00CC-E2AA-4F31-AA32-F0C002999DA1}.Debug|x86.ActiveCfg = Debug|Any CPU
		{63AD00CC-E2AA-4F31-AA32-F0C002999DA1}.Debug|x86.Build.0 = Debug|Any CPU
		{63AD00CC-E2AA-4F31-AA32-F0C002999DA1}.Release|Any CPU.ActiveCfg = Release|Any CPU
		{63AD00CC-E2AA-4F31-AA32-F0C002999DA1}.Release|Any CPU.Build.0 = Release|Any CPU
		{63AD00CC-E2AA-4F31-AA32-F0C002999DA1}.Release|x64.ActiveCfg = Release|Any CPU
		{63AD00CC-E2AA-4F31-AA32-F0C002999DA1}.Release|x64.Build.0 = Release|Any CPU
		{63AD00CC-E2AA-4F31-AA32-F0C002999DA1}.Release|x86.ActiveCfg = Release|Any CPU
		{63AD00CC-E2AA-4F31-AA32-F0C002999DA1}.Release|x86.Build.0 = Release|Any CPU
		{05A1CE4B-DFD3-4E18-92A9-A3C1770834EB}.Debug|Any CPU.ActiveCfg = Debug|Any CPU
		{05A1CE4B-DFD3-4E18-92A9-A3C1770834EB}.Debug|Any CPU.Build.0 = Debug|Any CPU
		{05A1CE4B-DFD3-4E18-92A9-A3C1770834EB}.Debug|x64.ActiveCfg = Debug|Any CPU
		{05A1CE4B-DFD3-4E18-92A9-A3C1770834EB}.Debug|x64.Build.0 = Debug|Any CPU
		{05A1CE4B-DFD3-4E18-92A9-A3C1770834EB}.Debug|x86.ActiveCfg = Debug|Any CPU
		{05A1CE4B-DFD3-4E18-92A9-A3C1770834EB}.Debug|x86.Build.0 = Debug|Any CPU
		{05A1CE4B-DFD3-4E18-92A9-A3C1770834EB}.Release|Any CPU.ActiveCfg = Release|Any CPU
		{05A1CE4B-DFD3-4E18-92A9-A3C1770834EB}.Release|Any CPU.Build.0 = Release|Any CPU
		{05A1CE4B-DFD3-4E18-92A9-A3C1770834EB}.Release|x64.ActiveCfg = Release|Any CPU
		{05A1CE4B-DFD3-4E18-92A9-A3C1770834EB}.Release|x64.Build.0 = Release|Any CPU
		{05A1CE4B-DFD3-4E18-92A9-A3C1770834EB}.Release|x86.ActiveCfg = Release|Any CPU
		{05A1CE4B-DFD3-4E18-92A9-A3C1770834EB}.Release|x86.Build.0 = Release|Any CPU
	EndGlobalSection
EndGlobal
